
Microsoft Visual Studio Solution File, Format Version 12.00
Project("{FAE04EC0-301F-11D3-BF4B-00C04F79EFBC}") = "Quark", "Quark\Quark.csproj", "{04644A4E-BF99-422B-B15D-66F288316526}"
EndProject
Project("{FAE04EC0-301F-11D3-BF4B-00C04F79EFBC}") = "Quark.Tests", "Quark.Tests\Quark.Tests.csproj", "{5ACE2FDB-66BF-48D3-A92D-0C15076F20B7}"
EndProject
Project("{FAE04EC0-301F-11D3-BF4B-00C04F79EFBC}") = "Quark.Benchmarks", "Quark.Benchmarks\Quark.Benchmarks.csproj", "{0DC43619-BB8A-4926-B30F-E608E6254DE3}"
EndProject
Global
	GlobalSection(SolutionConfigurationPlatforms) = preSolution
		Debug|Any CPU = Debug|Any CPU
		Release|Any CPU = Release|Any CPU
	EndGlobalSection
	GlobalSection(ProjectConfigurationPlatforms) = postSolution
		{04644A4E-BF99-422B-B15D-66F288316526}.Debug|Any CPU.ActiveCfg = Debug|Any CPU
		{04644A4E-BF99-422B-B15D-66F288316526}.Debug|Any CPU.Build.0 = Debug|Any CPU
		{04644A4E-BF99-422B-B15D-66F288316526}.Release|Any CPU.ActiveCfg = Release|Any CPU
		{04644A4E-BF99-422B-B15D-66F288316526}.Release|Any CPU.Build.0 = Release|Any CPU
		{5ACE2FDB-66BF-48D3-A92D-0C15076F20B7}.Debug|Any CPU.ActiveCfg = Debug|Any CPU
		{5ACE2FDB-66BF-48D3-A92D-0C15076F20B7}.Debug|Any CPU.Build.0 = Debug|Any CPU
		{5ACE2FDB-66BF-48D3-A92D-0C15076F20B7}.Release|Any CPU.ActiveCfg = Release|Any CPU
		{5ACE2FDB-66BF-48D3-A92D-0C15076F20B7}.Release|Any CPU.Build.0 = Release|Any CPU
		{0DC43619-BB8A-4926-B30F-E608E6254DE3}.Debug|Any CPU.ActiveCfg = Debug|Any CPU
		{0DC43619-BB8A-4926-B30F-E608E6254DE3}.Debug|Any CPU.Build.0 = Debug|Any CPU
		{0DC43619-BB8A-4926-B30F-E608E6254DE3}.Release|Any CPU.ActiveCfg = Release|Any CPU
		{0DC43619-BB8A-4926-B30F-E608E6254DE3}.Release|Any CPU.Build.0 = Release|Any CPU
	EndGlobalSection
EndGlobal
